
Microsoft Visual Studio Solution File, Format Version 12.00
# Visual Studio 15
VisualStudioVersion = 15.0.28010.2046
MinimumVisualStudioVersion = 10.0.40219.1
Project("{FAE04EC0-301F-11D3-BF4B-00C04F79EFBC}") = "Propinas.Android", "Propinas\Propinas.Android\Propinas.Android.csproj", "{4CD1F2E3-B8FF-4FF5-8ED9-85F94C8748C5}"
EndProject
Project("{FAE04EC0-301F-11D3-BF4B-00C04F79EFBC}") = "Propinas.iOS", "Propinas\Propinas.iOS\Propinas.iOS.csproj", "{F485820E-A965-4B2C-B1BA-0A4CCCA14686}"
EndProject
Project("{FAE04EC0-301F-11D3-BF4B-00C04F79EFBC}") = "Propinas.UWP", "Propinas\Propinas.UWP\Propinas.UWP.csproj", "{CEA428CE-C75A-4560-8425-716548363D0A}"
EndProject
Project("{FAE04EC0-301F-11D3-BF4B-00C04F79EFBC}") = "Propinas", "Propinas\Propinas\Propinas.csproj", "{EC246C92-72D8-40F3-B658-335F702B0E02}"
EndProject
Global
	GlobalSection(SolutionConfigurationPlatforms) = preSolution
		Ad-Hoc|Any CPU = Ad-Hoc|Any CPU
		Ad-Hoc|ARM = Ad-Hoc|ARM
		Ad-Hoc|iPhone = Ad-Hoc|iPhone
		Ad-Hoc|iPhoneSimulator = Ad-Hoc|iPhoneSimulator
		Ad-Hoc|x64 = Ad-Hoc|x64
		Ad-Hoc|x86 = Ad-Hoc|x86
		AppStore|Any CPU = AppStore|Any CPU
		AppStore|ARM = AppStore|ARM
		AppStore|iPhone = AppStore|iPhone
		AppStore|iPhoneSimulator = AppStore|iPhoneSimulator
		AppStore|x64 = AppStore|x64
		AppStore|x86 = AppStore|x86
		Debug|Any CPU = Debug|Any CPU
		Debug|ARM = Debug|ARM
		Debug|iPhone = Debug|iPhone
		Debug|iPhoneSimulator = Debug|iPhoneSimulator
		Debug|x64 = Debug|x64
		Debug|x86 = Debug|x86
		Release|Any CPU = Release|Any CPU
		Release|ARM = Release|ARM
		Release|iPhone = Release|iPhone
		Release|iPhoneSimulator = Release|iPhoneSimulator
		Release|x64 = Release|x64
		Release|x86 = Release|x86
	EndGlobalSection
	GlobalSection(ProjectConfigurationPlatforms) = postSolution
		{4CD1F2E3-B8FF-4FF5-8ED9-85F94C8748C5}.Ad-Hoc|Any CPU.ActiveCfg = Release|Any CPU
		{4CD1F2E3-B8FF-4FF5-8ED9-85F94C8748C5}.Ad-Hoc|Any CPU.Build.0 = Release|Any CPU
		{4CD1F2E3-B8FF-4FF5-8ED9-85F94C8748C5}.Ad-Hoc|Any CPU.Deploy.0 = Release|Any CPU
		{4CD1F2E3-B8FF-4FF5-8ED9-85F94C8748C5}.Ad-Hoc|ARM.ActiveCfg = Release|Any CPU
		{4CD1F2E3-B8FF-4FF5-8ED9-85F94C8748C5}.Ad-Hoc|ARM.Build.0 = Release|Any CPU
		{4CD1F2E3-B8FF-4FF5-8ED9-85F94C8748C5}.Ad-Hoc|ARM.Deploy.0 = Release|Any CPU
		{4CD1F2E3-B8FF-4FF5-8ED9-85F94C8748C5}.Ad-Hoc|iPhone.ActiveCfg = Release|Any CPU
		{4CD1F2E3-B8FF-4FF5-8ED9-85F94C8748C5}.Ad-Hoc|iPhone.Build.0 = Release|Any CPU
		{4CD1F2E3-B8FF-4FF5-8ED9-85F94C8748C5}.Ad-Hoc|iPhone.Deploy.0 = Release|Any CPU
		{4CD1F2E3-B8FF-4FF5-8ED9-85F94C8748C5}.Ad-Hoc|iPhoneSimulator.ActiveCfg = Release|Any CPU
		{4CD1F2E3-B8FF-4FF5-8ED9-85F94C8748C5}.Ad-Hoc|iPhoneSimulator.Build.0 = Release|Any CPU
		{4CD1F2E3-B8FF-4FF5-8ED9-85F94C8748C5}.Ad-Hoc|iPhoneSimulator.Deploy.0 = Release|Any CPU
		{4CD1F2E3-B8FF-4FF5-8ED9-85F94C8748C5}.Ad-Hoc|x64.ActiveCfg = Release|Any CPU
		{4CD1F2E3-B8FF-4FF5-8ED9-85F94C8748C5}.Ad-Hoc|x64.Build.0 = Release|Any CPU
		{4CD1F2E3-B8FF-4FF5-8ED9-85F94C8748C5}.Ad-Hoc|x64.Deploy.0 = Release|Any CPU
		{4CD1F2E3-B8FF-4FF5-8ED9-85F94C8748C5}.Ad-Hoc|x86.ActiveCfg = Release|Any CPU
		{4CD1F2E3-B8FF-4FF5-8ED9-85F94C8748C5}.Ad-Hoc|x86.Build.0 = Release|Any CPU
		{4CD1F2E3-B8FF-4FF5-8ED9-85F94C8748C5}.Ad-Hoc|x86.Deploy.0 = Release|Any CPU
		{4CD1F2E3-B8FF-4FF5-8ED9-85F94C8748C5}.AppStore|Any CPU.ActiveCfg = Release|Any CPU
		{4CD1F2E3-B8FF-4FF5-8ED9-85F94C8748C5}.AppStore|Any CPU.Build.0 = Release|Any CPU
		{4CD1F2E3-B8FF-4FF5-8ED9-85F94C8748C5}.AppStore|Any CPU.Deploy.0 = Release|Any CPU
		{4CD1F2E3-B8FF-4FF5-8ED9-85F94C8748C5}.AppStore|ARM.ActiveCfg = Release|Any CPU
		{4CD1F2E3-B8FF-4FF5-8ED9-85F94C8748C5}.AppStore|ARM.Build.0 = Release|Any CPU
		{4CD1F2E3-B8FF-4FF5-8ED9-85F94C8748C5}.AppStore|ARM.Deploy.0 = Release|Any CPU
		{4CD1F2E3-B8FF-4FF5-8ED9-85F94C8748C5}.AppStore|iPhone.ActiveCfg = Release|Any CPU
		{4CD1F2E3-B8FF-4FF5-8ED9-85F94C8748C5}.AppStore|iPhone.Build.0 = Release|Any CPU
		{4CD1F2E3-B8FF-4FF5-8ED9-85F94C8748C5}.AppStore|iPhone.Deploy.0 = Release|Any CPU
		{4CD1F2E3-B8FF-4FF5-8ED9-85F94C8748C5}.AppStore|iPhoneSimulator.ActiveCfg = Release|Any CPU
		{4CD1F2E3-B8FF-4FF5-8ED9-85F94C8748C5}.AppStore|iPhoneSimulator.Build.0 = Release|Any CPU
		{4CD1F2E3-B8FF-4FF5-8ED9-85F94C8748C5}.AppStore|iPhoneSimulator.Deploy.0 = Release|Any CPU
		{4CD1F2E3-B8FF-4FF5-8ED9-85F94C8748C5}.AppStore|x64.ActiveCfg = Release|Any CPU
		{4CD1F2E3-B8FF-4FF5-8ED9-85F94C8748C5}.AppStore|x64.Build.0 = Release|Any CPU
		{4CD1F2E3-B8FF-4FF5-8ED9-85F94C8748C5}.AppStore|x64.Deploy.0 = Release|Any CPU
		{4CD1F2E3-B8FF-4FF5-8ED9-85F94C8748C5}.AppStore|x86.ActiveCfg = Release|Any CPU
		{4CD1F2E3-B8FF-4FF5-8ED9-85F94C8748C5}.AppStore|x86.Build.0 = Release|Any CPU
		{4CD1F2E3-B8FF-4FF5-8ED9-85F94C8748C5}.AppStore|x86.Deploy.0 = Release|Any CPU
		{4CD1F2E3-B8FF-4FF5-8ED9-85F94C8748C5}.Debug|Any CPU.ActiveCfg = Debug|Any CPU
		{4CD1F2E3-B8FF-4FF5-8ED9-85F94C8748C5}.Debug|Any CPU.Build.0 = Debug|Any CPU
		{4CD1F2E3-B8FF-4FF5-8ED9-85F94C8748C5}.Debug|Any CPU.Deploy.0 = Debug|Any CPU
		{4CD1F2E3-B8FF-4FF5-8ED9-85F94C8748C5}.Debug|ARM.ActiveCfg = Debug|Any CPU
		{4CD1F2E3-B8FF-4FF5-8ED9-85F94C8748C5}.Debug|ARM.Build.0 = Debug|Any CPU
		{4CD1F2E3-B8FF-4FF5-8ED9-85F94C8748C5}.Debug|ARM.Deploy.0 = Debug|Any CPU
		{4CD1F2E3-B8FF-4FF5-8ED9-85F94C8748C5}.Debug|iPhone.ActiveCfg = Debug|Any CPU
		{4CD1F2E3-B8FF-4FF5-8ED9-85F94C8748C5}.Debug|iPhone.Build.0 = Debug|Any CPU
		{4CD1F2E3-B8FF-4FF5-8ED9-85F94C8748C5}.Debug|iPhone.Deploy.0 = Debug|Any CPU
		{4CD1F2E3-B8FF-4FF5-8ED9-85F94C8748C5}.Debug|iPhoneSimulator.ActiveCfg = Debug|Any CPU
		{4CD1F2E3-B8FF-4FF5-8ED9-85F94C8748C5}.Debug|iPhoneSimulator.Build.0 = Debug|Any CPU
		{4CD1F2E3-B8FF-4FF5-8ED9-85F94C8748C5}.Debug|iPhoneSimulator.Deploy.0 = Debug|Any CPU
		{4CD1F2E3-B8FF-4FF5-8ED9-85F94C8748C5}.Debug|x64.ActiveCfg = Debug|Any CPU
		{4CD1F2E3-B8FF-4FF5-8ED9-85F94C8748C5}.Debug|x64.Build.0 = Debug|Any CPU
		{4CD1F2E3-B8FF-4FF5-8ED9-85F94C8748C5}.Debug|x64.Deploy.0 = Debug|Any CPU
		{4CD1F2E3-B8FF-4FF5-8ED9-85F94C8748C5}.Debug|x86.ActiveCfg = Debug|Any CPU
		{4CD1F2E3-B8FF-4FF5-8ED9-85F94C8748C5}.Debug|x86.Build.0 = Debug|Any CPU
		{4CD1F2E3-B8FF-4FF5-8ED9-85F94C8748C5}.Debug|x86.Deploy.0 = Debug|Any CPU
		{4CD1F2E3-B8FF-4FF5-8ED9-85F94C8748C5}.Release|Any CPU.ActiveCfg = Release|Any CPU
		{4CD1F2E3-B8FF-4FF5-8ED9-85F94C8748C5}.Release|Any CPU.Build.0 = Release|Any CPU
		{4CD1F2E3-B8FF-4FF5-8ED9-85F94C8748C5}.Release|Any CPU.Deploy.0 = Release|Any CPU
		{4CD1F2E3-B8FF-4FF5-8ED9-85F94C8748C5}.Release|ARM.ActiveCfg = Release|Any CPU
		{4CD1F2E3-B8FF-4FF5-8ED9-85F94C8748C5}.Release|ARM.Build.0 = Release|Any CPU
		{4CD1F2E3-B8FF-4FF5-8ED9-85F94C8748C5}.Release|ARM.Deploy.0 = Release|Any CPU
		{4CD1F2E3-B8FF-4FF5-8ED9-85F94C8748C5}.Release|iPhone.ActiveCfg = Release|Any CPU
		{4CD1F2E3-B8FF-4FF5-8ED9-85F94C8748C5}.Release|iPhone.Build.0 = Release|Any CPU
		{4CD1F2E3-B8FF-4FF5-8ED9-85F94C8748C5}.Release|iPhone.Deploy.0 = Release|Any CPU
		{4CD1F2E3-B8FF-4FF5-8ED9-85F94C8748C5}.Release|iPhoneSimulator.ActiveCfg = Release|Any CPU
		{4CD1F2E3-B8FF-4FF5-8ED9-85F94C8748C5}.Release|iPhoneSimulator.Build.0 = Release|Any CPU
		{4CD1F2E3-B8FF-4FF5-8ED9-85F94C8748C5}.Release|iPhoneSimulator.Deploy.0 = Release|Any CPU
		{4CD1F2E3-B8FF-4FF5-8ED9-85F94C8748C5}.Release|x64.ActiveCfg = Release|Any CPU
		{4CD1F2E3-B8FF-4FF5-8ED9-85F94C8748C5}.Release|x64.Build.0 = Release|Any CPU
		{4CD1F2E3-B8FF-4FF5-8ED9-85F94C8748C5}.Release|x64.Deploy.0 = Release|Any CPU
		{4CD1F2E3-B8FF-4FF5-8ED9-85F94C8748C5}.Release|x86.ActiveCfg = Release|Any CPU
		{4CD1F2E3-B8FF-4FF5-8ED9-85F94C8748C5}.Release|x86.Build.0 = Release|Any CPU
		{4CD1F2E3-B8FF-4FF5-8ED9-85F94C8748C5}.Release|x86.Deploy.0 = Release|Any CPU
		{F485820E-A965-4B2C-B1BA-0A4CCCA14686}.Ad-Hoc|Any CPU.ActiveCfg = Ad-Hoc|iPhone
		{F485820E-A965-4B2C-B1BA-0A4CCCA14686}.Ad-Hoc|Any CPU.Build.0 = Ad-Hoc|iPhone
		{F485820E-A965-4B2C-B1BA-0A4CCCA14686}.Ad-Hoc|Any CPU.Deploy.0 = Ad-Hoc|iPhone
		{F485820E-A965-4B2C-B1BA-0A4CCCA14686}.Ad-Hoc|ARM.ActiveCfg = Ad-Hoc|iPhone
		{F485820E-A965-4B2C-B1BA-0A4CCCA14686}.Ad-Hoc|ARM.Build.0 = Ad-Hoc|iPhone
		{F485820E-A965-4B2C-B1BA-0A4CCCA14686}.Ad-Hoc|ARM.Deploy.0 = Ad-Hoc|iPhone
		{F485820E-A965-4B2C-B1BA-0A4CCCA14686}.Ad-Hoc|iPhone.ActiveCfg = Ad-Hoc|iPhone
		{F485820E-A965-4B2C-B1BA-0A4CCCA14686}.Ad-Hoc|iPhone.Build.0 = Ad-Hoc|iPhone
		{F485820E-A965-4B2C-B1BA-0A4CCCA14686}.Ad-Hoc|iPhone.Deploy.0 = Ad-Hoc|iPhone
		{F485820E-A965-4B2C-B1BA-0A4CCCA14686}.Ad-Hoc|iPhoneSimulator.ActiveCfg = Ad-Hoc|iPhoneSimulator
		{F485820E-A965-4B2C-B1BA-0A4CCCA14686}.Ad-Hoc|iPhoneSimulator.Build.0 = Ad-Hoc|iPhoneSimulator
		{F485820E-A965-4B2C-B1BA-0A4CCCA14686}.Ad-Hoc|iPhoneSimulator.Deploy.0 = Ad-Hoc|iPhoneSimulator
		{F485820E-A965-4B2C-B1BA-0A4CCCA14686}.Ad-Hoc|x64.ActiveCfg = Ad-Hoc|iPhone
		{F485820E-A965-4B2C-B1BA-0A4CCCA14686}.Ad-Hoc|x64.Build.0 = Ad-Hoc|iPhone
		{F485820E-A965-4B2C-B1BA-0A4CCCA14686}.Ad-Hoc|x64.Deploy.0 = Ad-Hoc|iPhone
		{F485820E-A965-4B2C-B1BA-0A4CCCA14686}.Ad-Hoc|x86.ActiveCfg = Ad-Hoc|iPhone
		{F485820E-A965-4B2C-B1BA-0A4CCCA14686}.Ad-Hoc|x86.Build.0 = Ad-Hoc|iPhone
		{F485820E-A965-4B2C-B1BA-0A4CCCA14686}.Ad-Hoc|x86.Deploy.0 = Ad-Hoc|iPhone
		{F485820E-A965-4B2C-B1BA-0A4CCCA14686}.AppStore|Any CPU.ActiveCfg = AppStore|iPhone
		{F485820E-A965-4B2C-B1BA-0A4CCCA14686}.AppStore|Any CPU.Build.0 = AppStore|iPhone
		{F485820E-A965-4B2C-B1BA-0A4CCCA14686}.AppStore|Any CPU.Deploy.0 = AppStore|iPhone
		{F485820E-A965-4B2C-B1BA-0A4CCCA14686}.AppStore|ARM.ActiveCfg = AppStore|iPhone
		{F485820E-A965-4B2C-B1BA-0A4CCCA14686}.AppStore|ARM.Build.0 = AppStore|iPhone
		{F485820E-A965-4B2C-B1BA-0A4CCCA14686}.AppStore|ARM.Deploy.0 = AppStore|iPhone
		{F485820E-A965-4B2C-B1BA-0A4CCCA14686}.AppStore|iPhone.ActiveCfg = AppStore|iPhone
		{F485820E-A965-4B2C-B1BA-0A4CCCA14686}.AppStore|iPhone.Build.0 = AppStore|iPhone
		{F485820E-A965-4B2C-B1BA-0A4CCCA14686}.AppStore|iPhone.Deploy.0 = AppStore|iPhone
		{F485820E-A965-4B2C-B1BA-0A4CCCA14686}.AppStore|iPhoneSimulator.ActiveCfg = AppStore|iPhoneSimulator
		{F485820E-A965-4B2C-B1BA-0A4CCCA14686}.AppStore|iPhoneSimulator.Build.0 = AppStore|iPhoneSimulator
		{F485820E-A965-4B2C-B1BA-0A4CCCA14686}.AppStore|iPhoneSimulator.Deploy.0 = AppStore|iPhoneSimulator
		{F485820E-A965-4B2C-B1BA-0A4CCCA14686}.AppStore|x64.ActiveCfg = AppStore|iPhone
		{F485820E-A965-4B2C-B1BA-0A4CCCA14686}.AppStore|x64.Build.0 = AppStore|iPhone
		{F485820E-A965-4B2C-B1BA-0A4CCCA14686}.AppStore|x64.Deploy.0 = AppStore|iPhone
		{F485820E-A965-4B2C-B1BA-0A4CCCA14686}.AppStore|x86.ActiveCfg = AppStore|iPhone
		{F485820E-A965-4B2C-B1BA-0A4CCCA14686}.AppStore|x86.Build.0 = AppStore|iPhone
		{F485820E-A965-4B2C-B1BA-0A4CCCA14686}.AppStore|x86.Deploy.0 = AppStore|iPhone
		{F485820E-A965-4B2C-B1BA-0A4CCCA14686}.Debug|Any CPU.ActiveCfg = Debug|iPhoneSimulator
		{F485820E-A965-4B2C-B1BA-0A4CCCA14686}.Debug|Any CPU.Build.0 = Debug|iPhoneSimulator
		{F485820E-A965-4B2C-B1BA-0A4CCCA14686}.Debug|Any CPU.Deploy.0 = Debug|iPhoneSimulator
		{F485820E-A965-4B2C-B1BA-0A4CCCA14686}.Debug|ARM.ActiveCfg = Debug|iPhone
		{F485820E-A965-4B2C-B1BA-0A4CCCA14686}.Debug|ARM.Build.0 = Debug|iPhone
		{F485820E-A965-4B2C-B1BA-0A4CCCA14686}.Debug|ARM.Deploy.0 = Debug|iPhone
		{F485820E-A965-4B2C-B1BA-0A4CCCA14686}.Debug|iPhone.ActiveCfg = Debug|iPhone
		{F485820E-A965-4B2C-B1BA-0A4CCCA14686}.Debug|iPhone.Build.0 = Debug|iPhone
		{F485820E-A965-4B2C-B1BA-0A4CCCA14686}.Debug|iPhone.Deploy.0 = Debug|iPhone
		{F485820E-A965-4B2C-B1BA-0A4CCCA14686}.Debug|iPhoneSimulator.ActiveCfg = Debug|iPhoneSimulator
		{F485820E-A965-4B2C-B1BA-0A4CCCA14686}.Debug|iPhoneSimulator.Build.0 = Debug|iPhoneSimulator
		{F485820E-A965-4B2C-B1BA-0A4CCCA14686}.Debug|iPhoneSimulator.Deploy.0 = Debug|iPhoneSimulator
		{F485820E-A965-4B2C-B1BA-0A4CCCA14686}.Debug|x64.ActiveCfg = Debug|iPhone
		{F485820E-A965-4B2C-B1BA-0A4CCCA14686}.Debug|x64.Build.0 = Debug|iPhone
		{F485820E-A965-4B2C-B1BA-0A4CCCA14686}.Debug|x64.Deploy.0 = Debug|iPhone
		{F485820E-A965-4B2C-B1BA-0A4CCCA14686}.Debug|x86.ActiveCfg = Debug|iPhone
		{F485820E-A965-4B2C-B1BA-0A4CCCA14686}.Debug|x86.Build.0 = Debug|iPhone
		{F485820E-A965-4B2C-B1BA-0A4CCCA14686}.Debug|x86.Deploy.0 = Debug|iPhone
		{F485820E-A965-4B2C-B1BA-0A4CCCA14686}.Release|Any CPU.ActiveCfg = Release|iPhone
		{F485820E-A965-4B2C-B1BA-0A4CCCA14686}.Release|Any CPU.Build.0 = Release|iPhone
		{F485820E-A965-4B2C-B1BA-0A4CCCA14686}.Release|Any CPU.Deploy.0 = Release|iPhone
		{F485820E-A965-4B2C-B1BA-0A4CCCA14686}.Release|ARM.ActiveCfg = Release|iPhone
		{F485820E-A965-4B2C-B1BA-0A4CCCA14686}.Release|ARM.Build.0 = Release|iPhone
		{F485820E-A965-4B2C-B1BA-0A4CCCA14686}.Release|ARM.Deploy.0 = Release|iPhone
		{F485820E-A965-4B2C-B1BA-0A4CCCA14686}.Release|iPhone.ActiveCfg = Release|iPhone
		{F485820E-A965-4B2C-B1BA-0A4CCCA14686}.Release|iPhone.Build.0 = Release|iPhone
		{F485820E-A965-4B2C-B1BA-0A4CCCA14686}.Release|iPhone.Deploy.0 = Release|iPhone
		{F485820E-A965-4B2C-B1BA-0A4CCCA14686}.Release|iPhoneSimulator.ActiveCfg = Release|iPhoneSimulator
		{F485820E-A965-4B2C-B1BA-0A4CCCA14686}.Release|iPhoneSimulator.Build.0 = Release|iPhoneSimulator
		{F485820E-A965-4B2C-B1BA-0A4CCCA14686}.Release|iPhoneSimulator.Deploy.0 = Release|iPhoneSimulator
		{F485820E-A965-4B2C-B1BA-0A4CCCA14686}.Release|x64.ActiveCfg = Release|iPhone
		{F485820E-A965-4B2C-B1BA-0A4CCCA14686}.Release|x64.Build.0 = Release|iPhone
		{F485820E-A965-4B2C-B1BA-0A4CCCA14686}.Release|x64.Deploy.0 = Release|iPhone
		{F485820E-A965-4B2C-B1BA-0A4CCCA14686}.Release|x86.ActiveCfg = Release|iPhone
		{F485820E-A965-4B2C-B1BA-0A4CCCA14686}.Release|x86.Build.0 = Release|iPhone
		{F485820E-A965-4B2C-B1BA-0A4CCCA14686}.Release|x86.Deploy.0 = Release|iPhone
		{CEA428CE-C75A-4560-8425-716548363D0A}.Ad-Hoc|Any CPU.ActiveCfg = Release|x86
		{CEA428CE-C75A-4560-8425-716548363D0A}.Ad-Hoc|Any CPU.Build.0 = Release|x86
		{CEA428CE-C75A-4560-8425-716548363D0A}.Ad-Hoc|Any CPU.Deploy.0 = Release|x86
		{CEA428CE-C75A-4560-8425-716548363D0A}.Ad-Hoc|ARM.ActiveCfg = Release|ARM
		{CEA428CE-C75A-4560-8425-716548363D0A}.Ad-Hoc|ARM.Build.0 = Release|ARM
		{CEA428CE-C75A-4560-8425-716548363D0A}.Ad-Hoc|ARM.Deploy.0 = Release|ARM
		{CEA428CE-C75A-4560-8425-716548363D0A}.Ad-Hoc|iPhone.ActiveCfg = Release|x86
		{CEA428CE-C75A-4560-8425-716548363D0A}.Ad-Hoc|iPhone.Build.0 = Release|x86
		{CEA428CE-C75A-4560-8425-716548363D0A}.Ad-Hoc|iPhone.Deploy.0 = Release|x86
		{CEA428CE-C75A-4560-8425-716548363D0A}.Ad-Hoc|iPhoneSimulator.ActiveCfg = Release|x86
		{CEA428CE-C75A-4560-8425-716548363D0A}.Ad-Hoc|iPhoneSimulator.Build.0 = Release|x86
		{CEA428CE-C75A-4560-8425-716548363D0A}.Ad-Hoc|iPhoneSimulator.Deploy.0 = Release|x86
		{CEA428CE-C75A-4560-8425-716548363D0A}.Ad-Hoc|x64.ActiveCfg = Release|x64
		{CEA428CE-C75A-4560-8425-716548363D0A}.Ad-Hoc|x64.Build.0 = Release|x64
		{CEA428CE-C75A-4560-8425-716548363D0A}.Ad-Hoc|x64.Deploy.0 = Release|x64
		{CEA428CE-C75A-4560-8425-716548363D0A}.Ad-Hoc|x86.ActiveCfg = Release|x86
		{CEA428CE-C75A-4560-8425-716548363D0A}.Ad-Hoc|x86.Build.0 = Release|x86
		{CEA428CE-C75A-4560-8425-716548363D0A}.Ad-Hoc|x86.Deploy.0 = Release|x86
		{CEA428CE-C75A-4560-8425-716548363D0A}.AppStore|Any CPU.ActiveCfg = Release|x86
		{CEA428CE-C75A-4560-8425-716548363D0A}.AppStore|Any CPU.Build.0 = Release|x86
		{CEA428CE-C75A-4560-8425-716548363D0A}.AppStore|Any CPU.Deploy.0 = Release|x86
		{CEA428CE-C75A-4560-8425-716548363D0A}.AppStore|ARM.ActiveCfg = Release|ARM
		{CEA428CE-C75A-4560-8425-716548363D0A}.AppStore|ARM.Build.0 = Release|ARM
		{CEA428CE-C75A-4560-8425-716548363D0A}.AppStore|ARM.Deploy.0 = Release|ARM
		{CEA428CE-C75A-4560-8425-716548363D0A}.AppStore|iPhone.ActiveCfg = Release|x86
		{CEA428CE-C75A-4560-8425-716548363D0A}.AppStore|iPhone.Build.0 = Release|x86
		{CEA428CE-C75A-4560-8425-716548363D0A}.AppStore|iPhone.Deploy.0 = Release|x86
		{CEA428CE-C75A-4560-8425-716548363D0A}.AppStore|iPhoneSimulator.ActiveCfg = Release|x86
		{CEA428CE-C75A-4560-8425-716548363D0A}.AppStore|iPhoneSimulator.Build.0 = Release|x86
		{CEA428CE-C75A-4560-8425-716548363D0A}.AppStore|iPhoneSimulator.Deploy.0 = Release|x86
		{CEA428CE-C75A-4560-8425-716548363D0A}.AppStore|x64.ActiveCfg = Release|x64
		{CEA428CE-C75A-4560-8425-716548363D0A}.AppStore|x64.Build.0 = Release|x64
		{CEA428CE-C75A-4560-8425-716548363D0A}.AppStore|x64.Deploy.0 = Release|x64
		{CEA428CE-C75A-4560-8425-716548363D0A}.AppStore|x86.ActiveCfg = Release|x86
		{CEA428CE-C75A-4560-8425-716548363D0A}.AppStore|x86.Build.0 = Release|x86
		{CEA428CE-C75A-4560-8425-716548363D0A}.AppStore|x86.Deploy.0 = Release|x86
		{CEA428CE-C75A-4560-8425-716548363D0A}.Debug|Any CPU.ActiveCfg = Debug|x86
		{CEA428CE-C75A-4560-8425-716548363D0A}.Debug|Any CPU.Build.0 = Debug|x86
		{CEA428CE-C75A-4560-8425-716548363D0A}.Debug|Any CPU.Deploy.0 = Debug|x86
		{CEA428CE-C75A-4560-8425-716548363D0A}.Debug|ARM.ActiveCfg = Debug|ARM
		{CEA428CE-C75A-4560-8425-716548363D0A}.Debug|ARM.Build.0 = Debug|ARM
		{CEA428CE-C75A-4560-8425-716548363D0A}.Debug|ARM.Deploy.0 = Debug|ARM
		{CEA428CE-C75A-4560-8425-716548363D0A}.Debug|iPhone.ActiveCfg = Debug|x86
		{CEA428CE-C75A-4560-8425-716548363D0A}.Debug|iPhone.Build.0 = Debug|x86
		{CEA428CE-C75A-4560-8425-716548363D0A}.Debug|iPhone.Deploy.0 = Debug|x86
		{CEA428CE-C75A-4560-8425-716548363D0A}.Debug|iPhoneSimulator.ActiveCfg = Debug|x86
		{CEA428CE-C75A-4560-8425-716548363D0A}.Debug|iPhoneSimulator.Build.0 = Debug|x86
		{CEA428CE-C75A-4560-8425-716548363D0A}.Debug|iPhoneSimulator.Deploy.0 = Debug|x86
		{CEA428CE-C75A-4560-8425-716548363D0A}.Debug|x64.ActiveCfg = Debug|x64
		{CEA428CE-C75A-4560-8425-716548363D0A}.Debug|x64.Build.0 = Debug|x64
		{CEA428CE-C75A-4560-8425-716548363D0A}.Debug|x64.Deploy.0 = Debug|x64
		{CEA428CE-C75A-4560-8425-716548363D0A}.Debug|x86.ActiveCfg = Debug|x86
		{CEA428CE-C75A-4560-8425-716548363D0A}.Debug|x86.Build.0 = Debug|x86
		{CEA428CE-C75A-4560-8425-716548363D0A}.Debug|x86.Deploy.0 = Debug|x86
		{CEA428CE-C75A-4560-8425-716548363D0A}.Release|Any CPU.ActiveCfg = Release|x86
		{CEA428CE-C75A-4560-8425-716548363D0A}.Release|Any CPU.Build.0 = Release|x86
		{CEA428CE-C75A-4560-8425-716548363D0A}.Release|Any CPU.Deploy.0 = Release|x86
		{CEA428CE-C75A-4560-8425-716548363D0A}.Release|ARM.ActiveCfg = Release|ARM
		{CEA428CE-C75A-4560-8425-716548363D0A}.Release|ARM.Build.0 = Release|ARM
		{CEA428CE-C75A-4560-8425-716548363D0A}.Release|ARM.Deploy.0 = Release|ARM
		{CEA428CE-C75A-4560-8425-716548363D0A}.Release|iPhone.ActiveCfg = Release|x86
		{CEA428CE-C75A-4560-8425-716548363D0A}.Release|iPhone.Build.0 = Release|x86
		{CEA428CE-C75A-4560-8425-716548363D0A}.Release|iPhone.Deploy.0 = Release|x86
		{CEA428CE-C75A-4560-8425-716548363D0A}.Release|iPhoneSimulator.ActiveCfg = Release|x86
		{CEA428CE-C75A-4560-8425-716548363D0A}.Release|iPhoneSimulator.Build.0 = Release|x86
		{CEA428CE-C75A-4560-8425-716548363D0A}.Release|iPhoneSimulator.Deploy.0 = Release|x86
		{CEA428CE-C75A-4560-8425-716548363D0A}.Release|x64.ActiveCfg = Release|x64
		{CEA428CE-C75A-4560-8425-716548363D0A}.Release|x64.Build.0 = Release|x64
		{CEA428CE-C75A-4560-8425-716548363D0A}.Release|x64.Deploy.0 = Release|x64
		{CEA428CE-C75A-4560-8425-716548363D0A}.Release|x86.ActiveCfg = Release|x86
		{CEA428CE-C75A-4560-8425-716548363D0A}.Release|x86.Build.0 = Release|x86
		{CEA428CE-C75A-4560-8425-716548363D0A}.Release|x86.Deploy.0 = Release|x86
		{EC246C92-72D8-40F3-B658-335F702B0E02}.Ad-Hoc|Any CPU.ActiveCfg = Debug|Any CPU
		{EC246C92-72D8-40F3-B658-335F702B0E02}.Ad-Hoc|Any CPU.Build.0 = Debug|Any CPU
		{EC246C92-72D8-40F3-B658-335F702B0E02}.Ad-Hoc|Any CPU.Deploy.0 = Debug|Any CPU
		{EC246C92-72D8-40F3-B658-335F702B0E02}.Ad-Hoc|ARM.ActiveCfg = Debug|Any CPU
		{EC246C92-72D8-40F3-B658-335F702B0E02}.Ad-Hoc|ARM.Build.0 = Debug|Any CPU
		{EC246C92-72D8-40F3-B658-335F702B0E02}.Ad-Hoc|ARM.Deploy.0 = Debug|Any CPU
		{EC246C92-72D8-40F3-B658-335F702B0E02}.Ad-Hoc|iPhone.ActiveCfg = Debug|Any CPU
		{EC246C92-72D8-40F3-B658-335F702B0E02}.Ad-Hoc|iPhone.Build.0 = Debug|Any CPU
		{EC246C92-72D8-40F3-B658-335F702B0E02}.Ad-Hoc|iPhone.Deploy.0 = Debug|Any CPU
		{EC246C92-72D8-40F3-B658-335F702B0E02}.Ad-Hoc|iPhoneSimulator.ActiveCfg = Debug|Any CPU
		{EC246C92-72D8-40F3-B658-335F702B0E02}.Ad-Hoc|iPhoneSimulator.Build.0 = Debug|Any CPU
		{EC246C92-72D8-40F3-B658-335F702B0E02}.Ad-Hoc|iPhoneSimulator.Deploy.0 = Debug|Any CPU
		{EC246C92-72D8-40F3-B658-335F702B0E02}.Ad-Hoc|x64.ActiveCfg = Debug|Any CPU
		{EC246C92-72D8-40F3-B658-335F702B0E02}.Ad-Hoc|x64.Build.0 = Debug|Any CPU
		{EC246C92-72D8-40F3-B658-335F702B0E02}.Ad-Hoc|x64.Deploy.0 = Debug|Any CPU
		{EC246C92-72D8-40F3-B658-335F702B0E02}.Ad-Hoc|x86.ActiveCfg = Debug|Any CPU
		{EC246C92-72D8-40F3-B658-335F702B0E02}.Ad-Hoc|x86.Build.0 = Debug|Any CPU
		{EC246C92-72D8-40F3-B658-335F702B0E02}.Ad-Hoc|x86.Deploy.0 = Debug|Any CPU
		{EC246C92-72D8-40F3-B658-335F702B0E02}.AppStore|Any CPU.ActiveCfg = Debug|Any CPU
		{EC246C92-72D8-40F3-B658-335F702B0E02}.AppStore|Any CPU.Build.0 = Debug|Any CPU
		{EC246C92-72D8-40F3-B658-335F702B0E02}.AppStore|Any CPU.Deploy.0 = Debug|Any CPU
		{EC246C92-72D8-40F3-B658-335F702B0E02}.AppStore|ARM.ActiveCfg = Debug|Any CPU
		{EC246C92-72D8-40F3-B658-335F702B0E02}.AppStore|ARM.Build.0 = Debug|Any CPU
		{EC246C92-72D8-40F3-B658-335F702B0E02}.AppStore|ARM.Deploy.0 = Debug|Any CPU
		{EC246C92-72D8-40F3-B658-335F702B0E02}.AppStore|iPhone.ActiveCfg = Debug|Any CPU
		{EC246C92-72D8-40F3-B658-335F702B0E02}.AppStore|iPhone.Build.0 = Debug|Any CPU
		{EC246C92-72D8-40F3-B658-335F702B0E02}.AppStore|iPhone.Deploy.0 = Debug|Any CPU
		{EC246C92-72D8-40F3-B658-335F702B0E02}.AppStore|iPhoneSimulator.ActiveCfg = Debug|Any CPU
		{EC246C92-72D8-40F3-B658-335F702B0E02}.AppStore|iPhoneSimulator.Build.0 = Debug|Any CPU
		{EC246C92-72D8-40F3-B658-335F702B0E02}.AppStore|iPhoneSimulator.Deploy.0 = Debug|Any CPU
		{EC246C92-72D8-40F3-B658-335F702B0E02}.AppStore|x64.ActiveCfg = Debug|Any CPU
		{EC246C92-72D8-40F3-B658-335F702B0E02}.AppStore|x64.Build.0 = Debug|Any CPU
		{EC246C92-72D8-40F3-B658-335F702B0E02}.AppStore|x64.Deploy.0 = Debug|Any CPU
		{EC246C92-72D8-40F3-B658-335F702B0E02}.AppStore|x86.ActiveCfg = Debug|Any CPU
		{EC246C92-72D8-40F3-B658-335F702B0E02}.AppStore|x86.Build.0 = Debug|Any CPU
		{EC246C92-72D8-40F3-B658-335F702B0E02}.AppStore|x86.Deploy.0 = Debug|Any CPU
		{EC246C92-72D8-40F3-B658-335F702B0E02}.Debug|Any CPU.ActiveCfg = Debug|Any CPU
		{EC246C92-72D8-40F3-B658-335F702B0E02}.Debug|Any CPU.Build.0 = Debug|Any CPU
		{EC246C92-72D8-40F3-B658-335F702B0E02}.Debug|Any CPU.Deploy.0 = Debug|Any CPU
		{EC246C92-72D8-40F3-B658-335F702B0E02}.Debug|ARM.ActiveCfg = Debug|Any CPU
		{EC246C92-72D8-40F3-B658-335F702B0E02}.Debug|ARM.Build.0 = Debug|Any CPU
		{EC246C92-72D8-40F3-B658-335F702B0E02}.Debug|ARM.Deploy.0 = Debug|Any CPU
		{EC246C92-72D8-40F3-B658-335F702B0E02}.Debug|iPhone.ActiveCfg = Debug|Any CPU
		{EC246C92-72D8-40F3-B658-335F702B0E02}.Debug|iPhone.Build.0 = Debug|Any CPU
		{EC246C92-72D8-40F3-B658-335F702B0E02}.Debug|iPhone.Deploy.0 = Debug|Any CPU
		{EC246C92-72D8-40F3-B658-335F702B0E02}.Debug|iPhoneSimulator.ActiveCfg = Debug|Any CPU
		{EC246C92-72D8-40F3-B658-335F702B0E02}.Debug|iPhoneSimulator.Build.0 = Debug|Any CPU
		{EC246C92-72D8-40F3-B658-335F702B0E02}.Debug|iPhoneSimulator.Deploy.0 = Debug|Any CPU
		{EC246C92-72D8-40F3-B658-335F702B0E02}.Debug|x64.ActiveCfg = Debug|Any CPU
		{EC246C92-72D8-40F3-B658-335F702B0E02}.Debug|x64.Build.0 = Debug|Any CPU
		{EC246C92-72D8-40F3-B658-335F702B0E02}.Debug|x64.Deploy.0 = Debug|Any CPU
		{EC246C92-72D8-40F3-B658-335F702B0E02}.Debug|x86.ActiveCfg = Debug|Any CPU
		{EC246C92-72D8-40F3-B658-335F702B0E02}.Debug|x86.Build.0 = Debug|Any CPU
		{EC246C92-72D8-40F3-B658-335F702B0E02}.Debug|x86.Deploy.0 = Debug|Any CPU
		{EC246C92-72D8-40F3-B658-335F702B0E02}.Release|Any CPU.ActiveCfg = Release|Any CPU
		{EC246C92-72D8-40F3-B658-335F702B0E02}.Release|Any CPU.Build.0 = Release|Any CPU
		{EC246C92-72D8-40F3-B658-335F702B0E02}.Release|Any CPU.Deploy.0 = Release|Any CPU
		{EC246C92-72D8-40F3-B658-335F702B0E02}.Release|ARM.ActiveCfg = Release|Any CPU
		{EC246C92-72D8-40F3-B658-335F702B0E02}.Release|ARM.Build.0 = Release|Any CPU
		{EC246C92-72D8-40F3-B658-335F702B0E02}.Release|ARM.Deploy.0 = Release|Any CPU
		{EC246C92-72D8-40F3-B658-335F702B0E02}.Release|iPhone.ActiveCfg = Release|Any CPU
		{EC246C92-72D8-40F3-B658-335F702B0E02}.Release|iPhone.Build.0 = Release|Any CPU
		{EC246C92-72D8-40F3-B658-335F702B0E02}.Release|iPhone.Deploy.0 = Release|Any CPU
		{EC246C92-72D8-40F3-B658-335F702B0E02}.Release|iPhoneSimulator.ActiveCfg = Release|Any CPU
		{EC246C92-72D8-40F3-B658-335F702B0E02}.Release|iPhoneSimulator.Build.0 = Release|Any CPU
		{EC246C92-72D8-40F3-B658-335F702B0E02}.Release|iPhoneSimulator.Deploy.0 = Release|Any CPU
		{EC246C92-72D8-40F3-B658-335F702B0E02}.Release|x64.ActiveCfg = Release|Any CPU
		{EC246C92-72D8-40F3-B658-335F702B0E02}.Release|x64.Build.0 = Release|Any CPU
		{EC246C92-72D8-40F3-B658-335F702B0E02}.Release|x64.Deploy.0 = Release|Any CPU
		{EC246C92-72D8-40F3-B658-335F702B0E02}.Release|x86.ActiveCfg = Release|Any CPU
		{EC246C92-72D8-40F3-B658-335F702B0E02}.Release|x86.Build.0 = Release|Any CPU
		{EC246C92-72D8-40F3-B658-335F702B0E02}.Release|x86.Deploy.0 = Release|Any CPU
	EndGlobalSection
	GlobalSection(SolutionProperties) = preSolution
		HideSolutionNode = FALSE
	EndGlobalSection
	GlobalSection(ExtensibilityGlobals) = postSolution
		SolutionGuid = {9BD8E40A-7EE9-495F-830C-71CC368206B9}
	EndGlobalSection
EndGlobal
